// !$*UTF8*$!
{
	archiveVersion = 1;
	classes = {
	};
	objectVersion = 56;
	objects = {

/* Begin PBXBuildFile section */
		4250FA7B2C1F220A006E83C0 /* HitTheSpotApp.swift in Sources */ = {isa = PBXBuildFile; fileRef = 4250FA7A2C1F220A006E83C0 /* HitTheSpotApp.swift */; };
		4250FA7D2C1F220A006E83C0 /* ContentView.swift in Sources */ = {isa = PBXBuildFile; fileRef = 4250FA7C2C1F220A006E83C0 /* ContentView.swift */; };
		4250FA7F2C1F220B006E83C0 /* Assets.xcassets in Resources */ = {isa = PBXBuildFile; fileRef = 4250FA7E2C1F220B006E83C0 /* Assets.xcassets */; };
		4250FA822C1F220B006E83C0 /* Preview Assets.xcassets in Resources */ = {isa = PBXBuildFile; fileRef = 4250FA812C1F220B006E83C0 /* Preview Assets.xcassets */; };
		4250FA892C2051FB006E83C0 /* NINotSupportedDeviceView.swift in Sources */ = {isa = PBXBuildFile; fileRef = 4250FA882C2051FB006E83C0 /* NINotSupportedDeviceView.swift */; };
		4250FA8B2C205342006E83C0 /* NICameraAssistanceView.swift in Sources */ = {isa = PBXBuildFile; fileRef = 4250FA8A2C205342006E83C0 /* NICameraAssistanceView.swift */; };
		4250FA8D2C20566C006E83C0 /* NISessionManager.swift in Sources */ = {isa = PBXBuildFile; fileRef = 4250FA8C2C20566C006E83C0 /* NISessionManager.swift */; };
		4250FA8F2C206AE6006E83C0 /* HSARView.swift in Sources */ = {isa = PBXBuildFile; fileRef = 4250FA8E2C206AE6006E83C0 /* HSARView.swift */; };
		4250FA922C2077ED006E83C0 /* MPCSession.swift in Sources */ = {isa = PBXBuildFile; fileRef = 4250FA912C2077ED006E83C0 /* MPCSession.swift */; };
		4250FA942C209322006E83C0 /* Constant.swift in Sources */ = {isa = PBXBuildFile; fileRef = 4250FA932C209322006E83C0 /* Constant.swift */; };
		4250FA962C216E48006E83C0 /* MeasurementQualityEstimator.swift in Sources */ = {isa = PBXBuildFile; fileRef = 4250FA952C216E47006E83C0 /* MeasurementQualityEstimator.swift */; };
		4250FA9C2C21A0DD006E83C0 /* GroupActivityShareSheet.swift in Sources */ = {isa = PBXBuildFile; fileRef = 4250FA9B2C21A0DD006E83C0 /* GroupActivityShareSheet.swift */; };
		4250FA9E2C21A10C006E83C0 /* ShareLocationActivity.swift in Sources */ = {isa = PBXBuildFile; fileRef = 4250FA9D2C21A10C006E83C0 /* ShareLocationActivity.swift */; };
		4250FAA12C21A79F006E83C0 /* HSNIStatus.swift in Sources */ = {isa = PBXBuildFile; fileRef = 4250FAA02C21A79F006E83C0 /* HSNIStatus.swift */; };
		4250FAA32C21D52F006E83C0 /* MainView.swift in Sources */ = {isa = PBXBuildFile; fileRef = 4250FAA22C21D52F006E83C0 /* MainView.swift */; };
		4250FAA52C21D641006E83C0 /* MainDistanceView.swift in Sources */ = {isa = PBXBuildFile; fileRef = 4250FAA42C21D641006E83C0 /* MainDistanceView.swift */; };
		4250FAA72C21D64F006E83C0 /* MainLocationView.swift in Sources */ = {isa = PBXBuildFile; fileRef = 4250FAA62C21D64F006E83C0 /* MainLocationView.swift */; };
		4250FAA92C21D65B006E83C0 /* MainNearbyView.swift in Sources */ = {isa = PBXBuildFile; fileRef = 4250FAA82C21D65B006E83C0 /* MainNearbyView.swift */; };
		4250FAB82C226DE8006E83C0 /* GroupActivityManager.swift in Sources */ = {isa = PBXBuildFile; fileRef = 4250FAB72C226DE8006E83C0 /* GroupActivityManager.swift */; };
		4250FABA2C2271E6006E83C0 /* StatusForSharePlay.swift in Sources */ = {isa = PBXBuildFile; fileRef = 4250FAB92C2271E6006E83C0 /* StatusForSharePlay.swift */; };
		4250FAD62C2317F5006E83C0 /* LocationManager.swift in Sources */ = {isa = PBXBuildFile; fileRef = 4250FAD52C2317F5006E83C0 /* LocationManager.swift */; };
		4250FAD92C231A4A006E83C0 /* ShareLocationMessage.swift in Sources */ = {isa = PBXBuildFile; fileRef = 4250FAD82C231A4A006E83C0 /* ShareLocationMessage.swift */; };
		425A4B052C3406CA004D7CCF /* NearbyEffect.json in Resources */ = {isa = PBXBuildFile; fileRef = 425A4B032C3406C9004D7CCF /* NearbyEffect.json */; };
		425A4B082C340EAD004D7CCF /* ImageLiteral.swift in Sources */ = {isa = PBXBuildFile; fileRef = 425A4B072C340EAD004D7CCF /* ImageLiteral.swift */; };
		425A4B0A2C344372004D7CCF /* HSLog.swift in Sources */ = {isa = PBXBuildFile; fileRef = 425A4B092C344372004D7CCF /* HSLog.swift */; };
		427E02D22C4AD86700B597A2 /* HSButton.swift in Sources */ = {isa = PBXBuildFile; fileRef = 427E02D12C4AD86700B597A2 /* HSButton.swift */; };
		4287B76B2C4215AF00E58A60 /* HSLocationManager.swift in Sources */ = {isa = PBXBuildFile; fileRef = 4287B76A2C4215AE00E58A60 /* HSLocationManager.swift */; };
		4287B76F2C42268100E58A60 /* HSLocationDelegate.swift in Sources */ = {isa = PBXBuildFile; fileRef = 4287B76E2C42268100E58A60 /* HSLocationDelegate.swift */; };
		4287B7712C4226AF00E58A60 /* CLAuthorizationStatus+.swift in Sources */ = {isa = PBXBuildFile; fileRef = 4287B7702C4226AF00E58A60 /* CLAuthorizationStatus+.swift */; };
		4287B7732C42271F00E58A60 /* HSGroupActivityManager.swift in Sources */ = {isa = PBXBuildFile; fileRef = 4287B7722C42271F00E58A60 /* HSGroupActivityManager.swift */; };
		4287B7752C43B66E00E58A60 /* HSGroupSessionDelegate.swift in Sources */ = {isa = PBXBuildFile; fileRef = 4287B7742C43B66E00E58A60 /* HSGroupSessionDelegate.swift */; };
		4287B7782C43BABB00E58A60 /* HSShareLocationActivity.swift in Sources */ = {isa = PBXBuildFile; fileRef = 4287B7772C43BABB00E58A60 /* HSShareLocationActivity.swift */; };
		4287B77A2C43BAFC00E58A60 /* HSPeerInfoMessage.swift in Sources */ = {isa = PBXBuildFile; fileRef = 4287B7792C43BAFC00E58A60 /* HSPeerInfoMessage.swift */; };
		4287B77F2C43BF2200E58A60 /* SharePlayUseCase.swift in Sources */ = {isa = PBXBuildFile; fileRef = 4287B77E2C43BF2200E58A60 /* SharePlayUseCase.swift */; };
		4287B7812C43C59500E58A60 /* HSMessagingDelegate.swift in Sources */ = {isa = PBXBuildFile; fileRef = 4287B7802C43C59500E58A60 /* HSMessagingDelegate.swift */; };
		4287B7832C45600200E58A60 /* MyInfoUseCase.swift in Sources */ = {isa = PBXBuildFile; fileRef = 4287B7822C45600200E58A60 /* MyInfoUseCase.swift */; };
		4287B7852C46BA6B00E58A60 /* HSUserProfile.swift in Sources */ = {isa = PBXBuildFile; fileRef = 4287B7842C46BA6B00E58A60 /* HSUserProfile.swift */; };
		4287B7872C46BF2800E58A60 /* PeerInfoUseCase.swift in Sources */ = {isa = PBXBuildFile; fileRef = 4287B7862C46BF2800E58A60 /* PeerInfoUseCase.swift */; };
		4287B78D2C46C9BD00E58A60 /* HSNIManager.swift in Sources */ = {isa = PBXBuildFile; fileRef = 4287B78C2C46C9BD00E58A60 /* HSNIManager.swift */; };
		4287B78F2C49282600E58A60 /* HSMessagingError.swift in Sources */ = {isa = PBXBuildFile; fileRef = 4287B78E2C49282600E58A60 /* HSMessagingError.swift */; };
		4287B7982C492D2400E58A60 /* HSLocation.swift in Sources */ = {isa = PBXBuildFile; fileRef = 4287B7972C492D2400E58A60 /* HSLocation.swift */; };
		4287B79A2C493C6D00E58A60 /* ARUseCase.swift in Sources */ = {isa = PBXBuildFile; fileRef = 4287B7992C493C6D00E58A60 /* ARUseCase.swift */; };
		4287B79C2C4AAC3500E58A60 /* HSARManager.swift in Sources */ = {isa = PBXBuildFile; fileRef = 4287B79B2C4AAC3500E58A60 /* HSARManager.swift */; };
		4287B79F2C4AB87900E58A60 /* HomeView.swift in Sources */ = {isa = PBXBuildFile; fileRef = 4287B79E2C4AB87900E58A60 /* HomeView.swift */; };
		4287B7A12C4ACC8200E58A60 /* ProfileSettingView.swift in Sources */ = {isa = PBXBuildFile; fileRef = 4287B7A02C4ACC8200E58A60 /* ProfileSettingView.swift */; };
		428ED0492C34048600DDD4A8 /* Lottie in Frameworks */ = {isa = PBXBuildFile; productRef = 428ED0482C34048600DDD4A8 /* Lottie */; };
		428ED04B2C34058600DDD4A8 /* LottieView.swift in Sources */ = {isa = PBXBuildFile; fileRef = 428ED04A2C34058600DDD4A8 /* LottieView.swift */; };
		429ACA492C2492F000B0276E /* CLLocationCoordinate2D+.swift in Sources */ = {isa = PBXBuildFile; fileRef = 429ACA482C2492F000B0276E /* CLLocationCoordinate2D+.swift */; };
		429ACA4D2C24B6FC00B0276E /* Syncopate-Regular.ttf in Resources */ = {isa = PBXBuildFile; fileRef = 429ACA4B2C24B6FC00B0276E /* Syncopate-Regular.ttf */; };
		429ACA4E2C24B6FC00B0276E /* Syncopate-Bold.ttf in Resources */ = {isa = PBXBuildFile; fileRef = 429ACA4C2C24B6FC00B0276E /* Syncopate-Bold.ttf */; };
		429ACA502C24B72200B0276E /* Pretendard-SemiBold.otf in Resources */ = {isa = PBXBuildFile; fileRef = 429ACA4F2C24B72200B0276E /* Pretendard-SemiBold.otf */; };
		429ACA522C24B73F00B0276E /* FontSetting.swift in Sources */ = {isa = PBXBuildFile; fileRef = 429ACA512C24B73F00B0276E /* FontSetting.swift */; };
		429ACA542C24C35C00B0276E /* Color+.swift in Sources */ = {isa = PBXBuildFile; fileRef = 429ACA532C24C35C00B0276E /* Color+.swift */; };
/* End PBXBuildFile section */

/* Begin PBXFileReference section */
		4250FA772C1F220A006E83C0 /* HitTheSpot.app */ = {isa = PBXFileReference; explicitFileType = wrapper.application; includeInIndex = 0; path = HitTheSpot.app; sourceTree = BUILT_PRODUCTS_DIR; };
		4250FA7A2C1F220A006E83C0 /* HitTheSpotApp.swift */ = {isa = PBXFileReference; lastKnownFileType = sourcecode.swift; path = HitTheSpotApp.swift; sourceTree = "<group>"; };
		4250FA7C2C1F220A006E83C0 /* ContentView.swift */ = {isa = PBXFileReference; lastKnownFileType = sourcecode.swift; path = ContentView.swift; sourceTree = "<group>"; };
		4250FA7E2C1F220B006E83C0 /* Assets.xcassets */ = {isa = PBXFileReference; lastKnownFileType = folder.assetcatalog; path = Assets.xcassets; sourceTree = "<group>"; };
		4250FA812C1F220B006E83C0 /* Preview Assets.xcassets */ = {isa = PBXFileReference; lastKnownFileType = folder.assetcatalog; path = "Preview Assets.xcassets"; sourceTree = "<group>"; };
		4250FA882C2051FB006E83C0 /* NINotSupportedDeviceView.swift */ = {isa = PBXFileReference; lastKnownFileType = sourcecode.swift; path = NINotSupportedDeviceView.swift; sourceTree = "<group>"; };
		4250FA8A2C205342006E83C0 /* NICameraAssistanceView.swift */ = {isa = PBXFileReference; lastKnownFileType = sourcecode.swift; path = NICameraAssistanceView.swift; sourceTree = "<group>"; };
		4250FA8C2C20566C006E83C0 /* NISessionManager.swift */ = {isa = PBXFileReference; lastKnownFileType = sourcecode.swift; path = NISessionManager.swift; sourceTree = "<group>"; };
		4250FA8E2C206AE6006E83C0 /* HSARView.swift */ = {isa = PBXFileReference; lastKnownFileType = sourcecode.swift; path = HSARView.swift; sourceTree = "<group>"; };
		4250FA902C2072FE006E83C0 /* Info.plist */ = {isa = PBXFileReference; lastKnownFileType = text.plist.xml; path = Info.plist; sourceTree = "<group>"; };
		4250FA912C2077ED006E83C0 /* MPCSession.swift */ = {isa = PBXFileReference; lastKnownFileType = sourcecode.swift; path = MPCSession.swift; sourceTree = "<group>"; };
		4250FA932C209322006E83C0 /* Constant.swift */ = {isa = PBXFileReference; lastKnownFileType = sourcecode.swift; path = Constant.swift; sourceTree = "<group>"; };
		4250FA952C216E47006E83C0 /* MeasurementQualityEstimator.swift */ = {isa = PBXFileReference; lastKnownFileType = sourcecode.swift; path = MeasurementQualityEstimator.swift; sourceTree = "<group>"; };
		4250FA9B2C21A0DD006E83C0 /* GroupActivityShareSheet.swift */ = {isa = PBXFileReference; lastKnownFileType = sourcecode.swift; path = GroupActivityShareSheet.swift; sourceTree = "<group>"; };
		4250FA9D2C21A10C006E83C0 /* ShareLocationActivity.swift */ = {isa = PBXFileReference; lastKnownFileType = sourcecode.swift; path = ShareLocationActivity.swift; sourceTree = "<group>"; };
		4250FA9F2C21A37E006E83C0 /* HitTheSpot.entitlements */ = {isa = PBXFileReference; lastKnownFileType = text.plist.entitlements; path = HitTheSpot.entitlements; sourceTree = "<group>"; };
		4250FAA02C21A79F006E83C0 /* HSNIStatus.swift */ = {isa = PBXFileReference; lastKnownFileType = sourcecode.swift; path = HSNIStatus.swift; sourceTree = "<group>"; };
		4250FAA22C21D52F006E83C0 /* MainView.swift */ = {isa = PBXFileReference; lastKnownFileType = sourcecode.swift; path = MainView.swift; sourceTree = "<group>"; };
		4250FAA42C21D641006E83C0 /* MainDistanceView.swift */ = {isa = PBXFileReference; lastKnownFileType = sourcecode.swift; path = MainDistanceView.swift; sourceTree = "<group>"; };
		4250FAA62C21D64F006E83C0 /* MainLocationView.swift */ = {isa = PBXFileReference; lastKnownFileType = sourcecode.swift; path = MainLocationView.swift; sourceTree = "<group>"; };
		4250FAA82C21D65B006E83C0 /* MainNearbyView.swift */ = {isa = PBXFileReference; lastKnownFileType = sourcecode.swift; path = MainNearbyView.swift; sourceTree = "<group>"; };
		4250FAB72C226DE8006E83C0 /* GroupActivityManager.swift */ = {isa = PBXFileReference; lastKnownFileType = sourcecode.swift; path = GroupActivityManager.swift; sourceTree = "<group>"; };
		4250FAB92C2271E6006E83C0 /* StatusForSharePlay.swift */ = {isa = PBXFileReference; lastKnownFileType = sourcecode.swift; path = StatusForSharePlay.swift; sourceTree = "<group>"; };
		4250FAD52C2317F5006E83C0 /* LocationManager.swift */ = {isa = PBXFileReference; lastKnownFileType = sourcecode.swift; path = LocationManager.swift; sourceTree = "<group>"; };
		4250FAD82C231A4A006E83C0 /* ShareLocationMessage.swift */ = {isa = PBXFileReference; lastKnownFileType = sourcecode.swift; path = ShareLocationMessage.swift; sourceTree = "<group>"; };
		425A4B032C3406C9004D7CCF /* NearbyEffect.json */ = {isa = PBXFileReference; fileEncoding = 4; lastKnownFileType = text.json; path = NearbyEffect.json; sourceTree = "<group>"; };
		425A4B072C340EAD004D7CCF /* ImageLiteral.swift */ = {isa = PBXFileReference; lastKnownFileType = sourcecode.swift; path = ImageLiteral.swift; sourceTree = "<group>"; };
		425A4B092C344372004D7CCF /* HSLog.swift */ = {isa = PBXFileReference; lastKnownFileType = sourcecode.swift; path = HSLog.swift; sourceTree = "<group>"; };
		427E02D12C4AD86700B597A2 /* HSButton.swift */ = {isa = PBXFileReference; lastKnownFileType = sourcecode.swift; path = HSButton.swift; sourceTree = "<group>"; };
		4287B76A2C4215AE00E58A60 /* HSLocationManager.swift */ = {isa = PBXFileReference; lastKnownFileType = sourcecode.swift; path = HSLocationManager.swift; sourceTree = "<group>"; };
		4287B76E2C42268100E58A60 /* HSLocationDelegate.swift */ = {isa = PBXFileReference; lastKnownFileType = sourcecode.swift; path = HSLocationDelegate.swift; sourceTree = "<group>"; };
		4287B7702C4226AF00E58A60 /* CLAuthorizationStatus+.swift */ = {isa = PBXFileReference; lastKnownFileType = sourcecode.swift; path = "CLAuthorizationStatus+.swift"; sourceTree = "<group>"; };
		4287B7722C42271F00E58A60 /* HSGroupActivityManager.swift */ = {isa = PBXFileReference; lastKnownFileType = sourcecode.swift; path = HSGroupActivityManager.swift; sourceTree = "<group>"; };
		4287B7742C43B66E00E58A60 /* HSGroupSessionDelegate.swift */ = {isa = PBXFileReference; lastKnownFileType = sourcecode.swift; path = HSGroupSessionDelegate.swift; sourceTree = "<group>"; };
		4287B7772C43BABB00E58A60 /* HSShareLocationActivity.swift */ = {isa = PBXFileReference; lastKnownFileType = sourcecode.swift; path = HSShareLocationActivity.swift; sourceTree = "<group>"; };
		4287B7792C43BAFC00E58A60 /* HSPeerInfoMessage.swift */ = {isa = PBXFileReference; lastKnownFileType = sourcecode.swift; path = HSPeerInfoMessage.swift; sourceTree = "<group>"; };
		4287B77E2C43BF2200E58A60 /* SharePlayUseCase.swift */ = {isa = PBXFileReference; lastKnownFileType = sourcecode.swift; path = SharePlayUseCase.swift; sourceTree = "<group>"; };
		4287B7802C43C59500E58A60 /* HSMessagingDelegate.swift */ = {isa = PBXFileReference; lastKnownFileType = sourcecode.swift; path = HSMessagingDelegate.swift; sourceTree = "<group>"; };
		4287B7822C45600200E58A60 /* MyInfoUseCase.swift */ = {isa = PBXFileReference; lastKnownFileType = sourcecode.swift; path = MyInfoUseCase.swift; sourceTree = "<group>"; };
		4287B7842C46BA6B00E58A60 /* HSUserProfile.swift */ = {isa = PBXFileReference; lastKnownFileType = sourcecode.swift; path = HSUserProfile.swift; sourceTree = "<group>"; };
		4287B7862C46BF2800E58A60 /* PeerInfoUseCase.swift */ = {isa = PBXFileReference; lastKnownFileType = sourcecode.swift; path = PeerInfoUseCase.swift; sourceTree = "<group>"; };
		4287B78C2C46C9BD00E58A60 /* HSNIManager.swift */ = {isa = PBXFileReference; lastKnownFileType = sourcecode.swift; path = HSNIManager.swift; sourceTree = "<group>"; };
		4287B78E2C49282600E58A60 /* HSMessagingError.swift */ = {isa = PBXFileReference; lastKnownFileType = sourcecode.swift; path = HSMessagingError.swift; sourceTree = "<group>"; };
		4287B7972C492D2400E58A60 /* HSLocation.swift */ = {isa = PBXFileReference; lastKnownFileType = sourcecode.swift; path = HSLocation.swift; sourceTree = "<group>"; };
		4287B7992C493C6D00E58A60 /* ARUseCase.swift */ = {isa = PBXFileReference; lastKnownFileType = sourcecode.swift; path = ARUseCase.swift; sourceTree = "<group>"; };
		4287B79B2C4AAC3500E58A60 /* HSARManager.swift */ = {isa = PBXFileReference; lastKnownFileType = sourcecode.swift; path = HSARManager.swift; sourceTree = "<group>"; };
		4287B79E2C4AB87900E58A60 /* HomeView.swift */ = {isa = PBXFileReference; lastKnownFileType = sourcecode.swift; path = HomeView.swift; sourceTree = "<group>"; };
		4287B7A02C4ACC8200E58A60 /* ProfileSettingView.swift */ = {isa = PBXFileReference; lastKnownFileType = sourcecode.swift; path = ProfileSettingView.swift; sourceTree = "<group>"; };
		428ED04A2C34058600DDD4A8 /* LottieView.swift */ = {isa = PBXFileReference; lastKnownFileType = sourcecode.swift; path = LottieView.swift; sourceTree = "<group>"; };
		429ACA482C2492F000B0276E /* CLLocationCoordinate2D+.swift */ = {isa = PBXFileReference; lastKnownFileType = sourcecode.swift; path = "CLLocationCoordinate2D+.swift"; sourceTree = "<group>"; };
		429ACA4B2C24B6FC00B0276E /* Syncopate-Regular.ttf */ = {isa = PBXFileReference; lastKnownFileType = file; path = "Syncopate-Regular.ttf"; sourceTree = "<group>"; };
		429ACA4C2C24B6FC00B0276E /* Syncopate-Bold.ttf */ = {isa = PBXFileReference; lastKnownFileType = file; path = "Syncopate-Bold.ttf"; sourceTree = "<group>"; };
		429ACA4F2C24B72200B0276E /* Pretendard-SemiBold.otf */ = {isa = PBXFileReference; lastKnownFileType = file; path = "Pretendard-SemiBold.otf"; sourceTree = "<group>"; };
		429ACA512C24B73F00B0276E /* FontSetting.swift */ = {isa = PBXFileReference; lastKnownFileType = sourcecode.swift; path = FontSetting.swift; sourceTree = "<group>"; };
		429ACA532C24C35C00B0276E /* Color+.swift */ = {isa = PBXFileReference; lastKnownFileType = sourcecode.swift; path = "Color+.swift"; sourceTree = "<group>"; };
/* End PBXFileReference section */

/* Begin PBXFrameworksBuildPhase section */
		4250FA742C1F220A006E83C0 /* Frameworks */ = {
			isa = PBXFrameworksBuildPhase;
			buildActionMask = 2147483647;
			files = (
				428ED0492C34048600DDD4A8 /* Lottie in Frameworks */,
			);
			runOnlyForDeploymentPostprocessing = 0;
		};
/* End PBXFrameworksBuildPhase section */

/* Begin PBXGroup section */
		4250FA6E2C1F220A006E83C0 = {
			isa = PBXGroup;
			children = (
				4250FA792C1F220A006E83C0 /* HitTheSpot */,
				4250FA782C1F220A006E83C0 /* Products */,
			);
			sourceTree = "<group>";
		};
		4250FA782C1F220A006E83C0 /* Products */ = {
			isa = PBXGroup;
			children = (
				4250FA772C1F220A006E83C0 /* HitTheSpot.app */,
			);
			name = Products;
			sourceTree = "<group>";
		};
		4250FA792C1F220A006E83C0 /* HitTheSpot */ = {
			isa = PBXGroup;
			children = (
				4250FAAA2C21DACA006E83C0 /* App */,
				4250FAB32C21DBBA006E83C0 /* Resources */,
				4250FAB02C21DB54006E83C0 /* Global */,
				4287B76C2C42266300E58A60 /* Domain */,
				4287B7912C492C5400E58A60 /* Service */,
				4250FAAC2C21DAE6006E83C0 /* Scene */,
				4250FA802C1F220B006E83C0 /* Preview Content */,
			);
			path = HitTheSpot;
			sourceTree = "<group>";
		};
		4250FA802C1F220B006E83C0 /* Preview Content */ = {
			isa = PBXGroup;
			children = (
				4250FA812C1F220B006E83C0 /* Preview Assets.xcassets */,
			);
			path = "Preview Content";
			sourceTree = "<group>";
		};
		4250FAAA2C21DACA006E83C0 /* App */ = {
			isa = PBXGroup;
			children = (
				4250FA7A2C1F220A006E83C0 /* HitTheSpotApp.swift */,
			);
			path = App;
			sourceTree = "<group>";
		};
		4250FAAC2C21DAE6006E83C0 /* Scene */ = {
			isa = PBXGroup;
			children = (
				4250FAAD2C21DB10006E83C0 /* Components */,
				4250FAAF2C21DB3E006E83C0 /* Init */,
				4250FAAE2C21DB2E006E83C0 /* Main */,
			);
			path = Scene;
			sourceTree = "<group>";
		};
		4250FAAD2C21DB10006E83C0 /* Components */ = {
			isa = PBXGroup;
			children = (
				4250FA9B2C21A0DD006E83C0 /* GroupActivityShareSheet.swift */,
				4250FA8A2C205342006E83C0 /* NICameraAssistanceView.swift */,
				4250FA8E2C206AE6006E83C0 /* HSARView.swift */,
				428ED04A2C34058600DDD4A8 /* LottieView.swift */,
				427E02D12C4AD86700B597A2 /* HSButton.swift */,
			);
			path = Components;
			sourceTree = "<group>";
		};
		4250FAAE2C21DB2E006E83C0 /* Main */ = {
			isa = PBXGroup;
			children = (
				4287B79D2C4AB85900E58A60 /* Deprecated */,
				4287B79E2C4AB87900E58A60 /* HomeView.swift */,
				4287B7A02C4ACC8200E58A60 /* ProfileSettingView.swift */,
				4250FAA42C21D641006E83C0 /* MainDistanceView.swift */,
				4250FAA62C21D64F006E83C0 /* MainLocationView.swift */,
				4250FAA82C21D65B006E83C0 /* MainNearbyView.swift */,
			);
			path = Main;
			sourceTree = "<group>";
		};
		4250FAAF2C21DB3E006E83C0 /* Init */ = {
			isa = PBXGroup;
			children = (
				4250FA7C2C1F220A006E83C0 /* ContentView.swift */,
				4250FA882C2051FB006E83C0 /* NINotSupportedDeviceView.swift */,
			);
			path = Init;
			sourceTree = "<group>";
		};
		4250FAB02C21DB54006E83C0 /* Global */ = {
			isa = PBXGroup;
			children = (
				4287B7952C492CC700E58A60 /* Utils */,
				4287B7942C492CAF00E58A60 /* Literal */,
				4287B7932C492C9A00E58A60 /* Extension */,
			);
			path = Global;
			sourceTree = "<group>";
		};
		4250FAB32C21DBBA006E83C0 /* Resources */ = {
			isa = PBXGroup;
			children = (
				428ED04C2C34063100DDD4A8 /* Lottie */,
				429ACA4A2C24B6F100B0276E /* Fonts */,
				4250FA902C2072FE006E83C0 /* Info.plist */,
				4250FA9F2C21A37E006E83C0 /* HitTheSpot.entitlements */,
				4250FA7E2C1F220B006E83C0 /* Assets.xcassets */,
			);
			path = Resources;
			sourceTree = "<group>";
		};
		4250FAB42C21DD13006E83C0 /* NearbyInteraction */ = {
			isa = PBXGroup;
			children = (
				4250FA8C2C20566C006E83C0 /* NISessionManager.swift */,
				4250FA952C216E47006E83C0 /* MeasurementQualityEstimator.swift */,
			);
			path = NearbyInteraction;
			sourceTree = "<group>";
		};
		4250FAB52C21DD27006E83C0 /* MultipeerConnectivity */ = {
			isa = PBXGroup;
			children = (
				4250FA912C2077ED006E83C0 /* MPCSession.swift */,
			);
			path = MultipeerConnectivity;
			sourceTree = "<group>";
		};
		4250FAB62C226DD2006E83C0 /* SharePlay */ = {
			isa = PBXGroup;
			children = (
				4250FAB72C226DE8006E83C0 /* GroupActivityManager.swift */,
			);
			path = SharePlay;
			sourceTree = "<group>";
		};
		4250FAD72C2317FA006E83C0 /* CoreLocation */ = {
			isa = PBXGroup;
			children = (
				4250FAD52C2317F5006E83C0 /* LocationManager.swift */,
			);
			path = CoreLocation;
			sourceTree = "<group>";
		};
		4287B76C2C42266300E58A60 /* Domain */ = {
			isa = PBXGroup;
			children = (
				4287B77D2C43BF0800E58A60 /* UseCase */,
				4287B7762C43BAA600E58A60 /* Model */,
			);
			path = Domain;
			sourceTree = "<group>";
		};
		4287B76D2C42266B00E58A60 /* Delegate */ = {
			isa = PBXGroup;
			children = (
				4287B76E2C42268100E58A60 /* HSLocationDelegate.swift */,
				4287B7742C43B66E00E58A60 /* HSGroupSessionDelegate.swift */,
				4287B7802C43C59500E58A60 /* HSMessagingDelegate.swift */,
			);
			path = Delegate;
			sourceTree = "<group>";
		};
		4287B7762C43BAA600E58A60 /* Model */ = {
			isa = PBXGroup;
			children = (
				4287B7962C492D0500E58A60 /* Deprecated */,
				4287B7772C43BABB00E58A60 /* HSShareLocationActivity.swift */,
				4287B7792C43BAFC00E58A60 /* HSPeerInfoMessage.swift */,
				4287B7842C46BA6B00E58A60 /* HSUserProfile.swift */,
				4287B78E2C49282600E58A60 /* HSMessagingError.swift */,
				4287B7972C492D2400E58A60 /* HSLocation.swift */,
				4250FAA02C21A79F006E83C0 /* HSNIStatus.swift */,
			);
			path = Model;
			sourceTree = "<group>";
		};
		4287B77D2C43BF0800E58A60 /* UseCase */ = {
			isa = PBXGroup;
			children = (
				4287B77E2C43BF2200E58A60 /* SharePlayUseCase.swift */,
				4287B7822C45600200E58A60 /* MyInfoUseCase.swift */,
				4287B7862C46BF2800E58A60 /* PeerInfoUseCase.swift */,
				4287B7992C493C6D00E58A60 /* ARUseCase.swift */,
			);
			path = UseCase;
			sourceTree = "<group>";
		};
		4287B7912C492C5400E58A60 /* Service */ = {
			isa = PBXGroup;
			children = (
				4287B7922C492C6800E58A60 /* Deprecated */,
				4287B76D2C42266B00E58A60 /* Delegate */,
				4287B76A2C4215AE00E58A60 /* HSLocationManager.swift */,
				4287B7722C42271F00E58A60 /* HSGroupActivityManager.swift */,
				4287B78C2C46C9BD00E58A60 /* HSNIManager.swift */,
				4287B79B2C4AAC3500E58A60 /* HSARManager.swift */,
			);
			path = Service;
			sourceTree = "<group>";
		};
		4287B7922C492C6800E58A60 /* Deprecated */ = {
			isa = PBXGroup;
			children = (
				4250FAD72C2317FA006E83C0 /* CoreLocation */,
				4250FAB62C226DD2006E83C0 /* SharePlay */,
				4250FAB42C21DD13006E83C0 /* NearbyInteraction */,
				4250FAB52C21DD27006E83C0 /* MultipeerConnectivity */,
			);
			path = Deprecated;
			sourceTree = "<group>";
		};
		4287B7932C492C9A00E58A60 /* Extension */ = {
			isa = PBXGroup;
			children = (
				429ACA532C24C35C00B0276E /* Color+.swift */,
				429ACA482C2492F000B0276E /* CLLocationCoordinate2D+.swift */,
				4287B7702C4226AF00E58A60 /* CLAuthorizationStatus+.swift */,
			);
			path = Extension;
			sourceTree = "<group>";
		};
		4287B7942C492CAF00E58A60 /* Literal */ = {
			isa = PBXGroup;
			children = (
				4250FA932C209322006E83C0 /* Constant.swift */,
				429ACA512C24B73F00B0276E /* FontSetting.swift */,
				425A4B072C340EAD004D7CCF /* ImageLiteral.swift */,
			);
			path = Literal;
			sourceTree = "<group>";
		};
		4287B7952C492CC700E58A60 /* Utils */ = {
			isa = PBXGroup;
			children = (
				425A4B092C344372004D7CCF /* HSLog.swift */,
			);
			path = Utils;
			sourceTree = "<group>";
		};
		4287B7962C492D0500E58A60 /* Deprecated */ = {
			isa = PBXGroup;
			children = (
				4250FAB92C2271E6006E83C0 /* StatusForSharePlay.swift */,
				4250FA9D2C21A10C006E83C0 /* ShareLocationActivity.swift */,
				4250FAD82C231A4A006E83C0 /* ShareLocationMessage.swift */,
			);
			path = Deprecated;
			sourceTree = "<group>";
		};
		4287B79D2C4AB85900E58A60 /* Deprecated */ = {
			isa = PBXGroup;
			children = (
				4250FAA22C21D52F006E83C0 /* MainView.swift */,
			);
			path = Deprecated;
			sourceTree = "<group>";
		};
		428ED04C2C34063100DDD4A8 /* Lottie */ = {
			isa = PBXGroup;
			children = (
				425A4B032C3406C9004D7CCF /* NearbyEffect.json */,
			);
			path = Lottie;
			sourceTree = "<group>";
		};
		429ACA4A2C24B6F100B0276E /* Fonts */ = {
			isa = PBXGroup;
			children = (
				429ACA4F2C24B72200B0276E /* Pretendard-SemiBold.otf */,
				429ACA4C2C24B6FC00B0276E /* Syncopate-Bold.ttf */,
				429ACA4B2C24B6FC00B0276E /* Syncopate-Regular.ttf */,
			);
			path = Fonts;
			sourceTree = "<group>";
		};
/* End PBXGroup section */

/* Begin PBXNativeTarget section */
		4250FA762C1F220A006E83C0 /* HitTheSpot */ = {
			isa = PBXNativeTarget;
			buildConfigurationList = 4250FA852C1F220B006E83C0 /* Build configuration list for PBXNativeTarget "HitTheSpot" */;
			buildPhases = (
				4250FA732C1F220A006E83C0 /* Sources */,
				4250FA742C1F220A006E83C0 /* Frameworks */,
				4250FA752C1F220A006E83C0 /* Resources */,
			);
			buildRules = (
			);
			dependencies = (
			);
			name = HitTheSpot;
			packageProductDependencies = (
				428ED0482C34048600DDD4A8 /* Lottie */,
			);
			productName = HitTheSpot;
			productReference = 4250FA772C1F220A006E83C0 /* HitTheSpot.app */;
			productType = "com.apple.product-type.application";
		};
/* End PBXNativeTarget section */

/* Begin PBXProject section */
		4250FA6F2C1F220A006E83C0 /* Project object */ = {
			isa = PBXProject;
			attributes = {
				BuildIndependentTargetsInParallel = 1;
				LastSwiftUpdateCheck = 1530;
				LastUpgradeCheck = 1530;
				TargetAttributes = {
					4250FA762C1F220A006E83C0 = {
						CreatedOnToolsVersion = 15.3;
					};
				};
			};
			buildConfigurationList = 4250FA722C1F220A006E83C0 /* Build configuration list for PBXProject "HitTheSpot" */;
			compatibilityVersion = "Xcode 14.0";
			developmentRegion = en;
			hasScannedForEncodings = 0;
			knownRegions = (
				en,
				Base,
			);
			mainGroup = 4250FA6E2C1F220A006E83C0;
			packageReferences = (
				428ED0472C34048600DDD4A8 /* XCRemoteSwiftPackageReference "lottie-ios" */,
			);
			productRefGroup = 4250FA782C1F220A006E83C0 /* Products */;
			projectDirPath = "";
			projectRoot = "";
			targets = (
				4250FA762C1F220A006E83C0 /* HitTheSpot */,
			);
		};
/* End PBXProject section */

/* Begin PBXResourcesBuildPhase section */
		4250FA752C1F220A006E83C0 /* Resources */ = {
			isa = PBXResourcesBuildPhase;
			buildActionMask = 2147483647;
			files = (
				425A4B052C3406CA004D7CCF /* NearbyEffect.json in Resources */,
				429ACA4D2C24B6FC00B0276E /* Syncopate-Regular.ttf in Resources */,
				4250FA822C1F220B006E83C0 /* Preview Assets.xcassets in Resources */,
				429ACA502C24B72200B0276E /* Pretendard-SemiBold.otf in Resources */,
				429ACA4E2C24B6FC00B0276E /* Syncopate-Bold.ttf in Resources */,
				4250FA7F2C1F220B006E83C0 /* Assets.xcassets in Resources */,
			);
			runOnlyForDeploymentPostprocessing = 0;
		};
/* End PBXResourcesBuildPhase section */

/* Begin PBXSourcesBuildPhase section */
		4250FA732C1F220A006E83C0 /* Sources */ = {
			isa = PBXSourcesBuildPhase;
			buildActionMask = 2147483647;
			files = (
				4250FA8F2C206AE6006E83C0 /* HSARView.swift in Sources */,
				4287B76B2C4215AF00E58A60 /* HSLocationManager.swift in Sources */,
				4287B7872C46BF2800E58A60 /* PeerInfoUseCase.swift in Sources */,
				429ACA542C24C35C00B0276E /* Color+.swift in Sources */,
				427E02D22C4AD86700B597A2 /* HSButton.swift in Sources */,
				425A4B0A2C344372004D7CCF /* HSLog.swift in Sources */,
				4250FA8D2C20566C006E83C0 /* NISessionManager.swift in Sources */,
				4250FAB82C226DE8006E83C0 /* GroupActivityManager.swift in Sources */,
				4250FABA2C2271E6006E83C0 /* StatusForSharePlay.swift in Sources */,
				4287B76F2C42268100E58A60 /* HSLocationDelegate.swift in Sources */,
				4287B79C2C4AAC3500E58A60 /* HSARManager.swift in Sources */,
				4287B78D2C46C9BD00E58A60 /* HSNIManager.swift in Sources */,
				4250FA8B2C205342006E83C0 /* NICameraAssistanceView.swift in Sources */,
				4287B77F2C43BF2200E58A60 /* SharePlayUseCase.swift in Sources */,
				4250FAD92C231A4A006E83C0 /* ShareLocationMessage.swift in Sources */,
				4250FA942C209322006E83C0 /* Constant.swift in Sources */,
				4287B7712C4226AF00E58A60 /* CLAuthorizationStatus+.swift in Sources */,
				4287B7832C45600200E58A60 /* MyInfoUseCase.swift in Sources */,
				4287B79F2C4AB87900E58A60 /* HomeView.swift in Sources */,
				4250FA892C2051FB006E83C0 /* NINotSupportedDeviceView.swift in Sources */,
				4250FA7D2C1F220A006E83C0 /* ContentView.swift in Sources */,
				4250FA9E2C21A10C006E83C0 /* ShareLocationActivity.swift in Sources */,
				429ACA492C2492F000B0276E /* CLLocationCoordinate2D+.swift in Sources */,
				4287B7732C42271F00E58A60 /* HSGroupActivityManager.swift in Sources */,
				4250FA962C216E48006E83C0 /* MeasurementQualityEstimator.swift in Sources */,
				4287B7A12C4ACC8200E58A60 /* ProfileSettingView.swift in Sources */,
				4250FAA92C21D65B006E83C0 /* MainNearbyView.swift in Sources */,
				429ACA522C24B73F00B0276E /* FontSetting.swift in Sources */,
				4287B7852C46BA6B00E58A60 /* HSUserProfile.swift in Sources */,
				4250FAD62C2317F5006E83C0 /* LocationManager.swift in Sources */,
				4250FAA12C21A79F006E83C0 /* HSNIStatus.swift in Sources */,
				4250FA7B2C1F220A006E83C0 /* HitTheSpotApp.swift in Sources */,
				4287B77A2C43BAFC00E58A60 /* HSPeerInfoMessage.swift in Sources */,
				4250FAA52C21D641006E83C0 /* MainDistanceView.swift in Sources */,
				4250FA9C2C21A0DD006E83C0 /* GroupActivityShareSheet.swift in Sources */,
				4287B78F2C49282600E58A60 /* HSMessagingError.swift in Sources */,
				4250FAA32C21D52F006E83C0 /* MainView.swift in Sources */,
				4250FAA72C21D64F006E83C0 /* MainLocationView.swift in Sources */,
				4250FA922C2077ED006E83C0 /* MPCSession.swift in Sources */,
				428ED04B2C34058600DDD4A8 /* LottieView.swift in Sources */,
				4287B7982C492D2400E58A60 /* HSLocation.swift in Sources */,
				4287B7812C43C59500E58A60 /* HSMessagingDelegate.swift in Sources */,
				4287B79A2C493C6D00E58A60 /* ARUseCase.swift in Sources */,
				4287B7752C43B66E00E58A60 /* HSGroupSessionDelegate.swift in Sources */,
				425A4B082C340EAD004D7CCF /* ImageLiteral.swift in Sources */,
				4287B7782C43BABB00E58A60 /* HSShareLocationActivity.swift in Sources */,
			);
			runOnlyForDeploymentPostprocessing = 0;
		};
/* End PBXSourcesBuildPhase section */

/* Begin XCBuildConfiguration section */
		4250FA832C1F220B006E83C0 /* Debug */ = {
			isa = XCBuildConfiguration;
			buildSettings = {
				ALWAYS_SEARCH_USER_PATHS = NO;
				ASSETCATALOG_COMPILER_GENERATE_SWIFT_ASSET_SYMBOL_EXTENSIONS = YES;
				CLANG_ANALYZER_NONNULL = YES;
				CLANG_ANALYZER_NUMBER_OBJECT_CONVERSION = YES_AGGRESSIVE;
				CLANG_CXX_LANGUAGE_STANDARD = "gnu++20";
				CLANG_ENABLE_MODULES = YES;
				CLANG_ENABLE_OBJC_ARC = YES;
				CLANG_ENABLE_OBJC_WEAK = YES;
				CLANG_WARN_BLOCK_CAPTURE_AUTORELEASING = YES;
				CLANG_WARN_BOOL_CONVERSION = YES;
				CLANG_WARN_COMMA = YES;
				CLANG_WARN_CONSTANT_CONVERSION = YES;
				CLANG_WARN_DEPRECATED_OBJC_IMPLEMENTATIONS = YES;
				CLANG_WARN_DIRECT_OBJC_ISA_USAGE = YES_ERROR;
				CLANG_WARN_DOCUMENTATION_COMMENTS = YES;
				CLANG_WARN_EMPTY_BODY = YES;
				CLANG_WARN_ENUM_CONVERSION = YES;
				CLANG_WARN_INFINITE_RECURSION = YES;
				CLANG_WARN_INT_CONVERSION = YES;
				CLANG_WARN_NON_LITERAL_NULL_CONVERSION = YES;
				CLANG_WARN_OBJC_IMPLICIT_RETAIN_SELF = YES;
				CLANG_WARN_OBJC_LITERAL_CONVERSION = YES;
				CLANG_WARN_OBJC_ROOT_CLASS = YES_ERROR;
				CLANG_WARN_QUOTED_INCLUDE_IN_FRAMEWORK_HEADER = YES;
				CLANG_WARN_RANGE_LOOP_ANALYSIS = YES;
				CLANG_WARN_STRICT_PROTOTYPES = YES;
				CLANG_WARN_SUSPICIOUS_MOVE = YES;
				CLANG_WARN_UNGUARDED_AVAILABILITY = YES_AGGRESSIVE;
				CLANG_WARN_UNREACHABLE_CODE = YES;
				CLANG_WARN__DUPLICATE_METHOD_MATCH = YES;
				COPY_PHASE_STRIP = NO;
				DEBUG_INFORMATION_FORMAT = dwarf;
				ENABLE_STRICT_OBJC_MSGSEND = YES;
				ENABLE_TESTABILITY = YES;
				ENABLE_USER_SCRIPT_SANDBOXING = YES;
				GCC_C_LANGUAGE_STANDARD = gnu17;
				GCC_DYNAMIC_NO_PIC = NO;
				GCC_NO_COMMON_BLOCKS = YES;
				GCC_OPTIMIZATION_LEVEL = 0;
				GCC_PREPROCESSOR_DEFINITIONS = (
					"DEBUG=1",
					"$(inherited)",
				);
				GCC_WARN_64_TO_32_BIT_CONVERSION = YES;
				GCC_WARN_ABOUT_RETURN_TYPE = YES_ERROR;
				GCC_WARN_UNDECLARED_SELECTOR = YES;
				GCC_WARN_UNINITIALIZED_AUTOS = YES_AGGRESSIVE;
				GCC_WARN_UNUSED_FUNCTION = YES;
				GCC_WARN_UNUSED_VARIABLE = YES;
				IPHONEOS_DEPLOYMENT_TARGET = 17.4;
				LOCALIZATION_PREFERS_STRING_CATALOGS = YES;
				MTL_ENABLE_DEBUG_INFO = INCLUDE_SOURCE;
				MTL_FAST_MATH = YES;
				ONLY_ACTIVE_ARCH = YES;
				SDKROOT = iphoneos;
				SWIFT_ACTIVE_COMPILATION_CONDITIONS = "DEBUG $(inherited)";
				SWIFT_OPTIMIZATION_LEVEL = "-Onone";
			};
			name = Debug;
		};
		4250FA842C1F220B006E83C0 /* Release */ = {
			isa = XCBuildConfiguration;
			buildSettings = {
				ALWAYS_SEARCH_USER_PATHS = NO;
				ASSETCATALOG_COMPILER_GENERATE_SWIFT_ASSET_SYMBOL_EXTENSIONS = YES;
				CLANG_ANALYZER_NONNULL = YES;
				CLANG_ANALYZER_NUMBER_OBJECT_CONVERSION = YES_AGGRESSIVE;
				CLANG_CXX_LANGUAGE_STANDARD = "gnu++20";
				CLANG_ENABLE_MODULES = YES;
				CLANG_ENABLE_OBJC_ARC = YES;
				CLANG_ENABLE_OBJC_WEAK = YES;
				CLANG_WARN_BLOCK_CAPTURE_AUTORELEASING = YES;
				CLANG_WARN_BOOL_CONVERSION = YES;
				CLANG_WARN_COMMA = YES;
				CLANG_WARN_CONSTANT_CONVERSION = YES;
				CLANG_WARN_DEPRECATED_OBJC_IMPLEMENTATIONS = YES;
				CLANG_WARN_DIRECT_OBJC_ISA_USAGE = YES_ERROR;
				CLANG_WARN_DOCUMENTATION_COMMENTS = YES;
				CLANG_WARN_EMPTY_BODY = YES;
				CLANG_WARN_ENUM_CONVERSION = YES;
				CLANG_WARN_INFINITE_RECURSION = YES;
				CLANG_WARN_INT_CONVERSION = YES;
				CLANG_WARN_NON_LITERAL_NULL_CONVERSION = YES;
				CLANG_WARN_OBJC_IMPLICIT_RETAIN_SELF = YES;
				CLANG_WARN_OBJC_LITERAL_CONVERSION = YES;
				CLANG_WARN_OBJC_ROOT_CLASS = YES_ERROR;
				CLANG_WARN_QUOTED_INCLUDE_IN_FRAMEWORK_HEADER = YES;
				CLANG_WARN_RANGE_LOOP_ANALYSIS = YES;
				CLANG_WARN_STRICT_PROTOTYPES = YES;
				CLANG_WARN_SUSPICIOUS_MOVE = YES;
				CLANG_WARN_UNGUARDED_AVAILABILITY = YES_AGGRESSIVE;
				CLANG_WARN_UNREACHABLE_CODE = YES;
				CLANG_WARN__DUPLICATE_METHOD_MATCH = YES;
				COPY_PHASE_STRIP = NO;
				DEBUG_INFORMATION_FORMAT = "dwarf-with-dsym";
				ENABLE_NS_ASSERTIONS = NO;
				ENABLE_STRICT_OBJC_MSGSEND = YES;
				ENABLE_USER_SCRIPT_SANDBOXING = YES;
				GCC_C_LANGUAGE_STANDARD = gnu17;
				GCC_NO_COMMON_BLOCKS = YES;
				GCC_WARN_64_TO_32_BIT_CONVERSION = YES;
				GCC_WARN_ABOUT_RETURN_TYPE = YES_ERROR;
				GCC_WARN_UNDECLARED_SELECTOR = YES;
				GCC_WARN_UNINITIALIZED_AUTOS = YES_AGGRESSIVE;
				GCC_WARN_UNUSED_FUNCTION = YES;
				GCC_WARN_UNUSED_VARIABLE = YES;
				IPHONEOS_DEPLOYMENT_TARGET = 17.4;
				LOCALIZATION_PREFERS_STRING_CATALOGS = YES;
				MTL_ENABLE_DEBUG_INFO = NO;
				MTL_FAST_MATH = YES;
				SDKROOT = iphoneos;
				SWIFT_COMPILATION_MODE = wholemodule;
				VALIDATE_PRODUCT = YES;
			};
			name = Release;
		};
		4250FA862C1F220B006E83C0 /* Debug */ = {
			isa = XCBuildConfiguration;
			buildSettings = {
				ASSETCATALOG_COMPILER_APPICON_NAME = AppIcon;
				ASSETCATALOG_COMPILER_GLOBAL_ACCENT_COLOR_NAME = AccentColor;
				CODE_SIGN_ENTITLEMENTS = HitTheSpot/Resources/HitTheSpot.entitlements;
				CODE_SIGN_STYLE = Automatic;
				CURRENT_PROJECT_VERSION = 1;
				DEVELOPMENT_ASSET_PATHS = "\"HitTheSpot/Preview Content\"";
				DEVELOPMENT_TEAM = Q6CK9777WL;
				ENABLE_PREVIEWS = YES;
				GENERATE_INFOPLIST_FILE = YES;
				INFOPLIST_FILE = HitTheSpot/Resources/Info.plist;
				INFOPLIST_KEY_CFBundleDisplayName = "Hit the Spot!";
				INFOPLIST_KEY_NSCameraUsageDescription = "카메라 사용을 위한 권한이 필요합니다.";
				INFOPLIST_KEY_NSLocalNetworkUsageDescription = "로컬 네트워크 사용을 위해 권한이 필요합니다.";
				INFOPLIST_KEY_NSLocationAlwaysAndWhenInUseUsageDescription = "사용자의 위치 정보를 확인하기 위해 권한이 필요합니다.";
				INFOPLIST_KEY_NSLocationAlwaysUsageDescription = "사용자의 위치 정보를 확인하기 위해 권한이 필요합니다.";
				INFOPLIST_KEY_NSLocationWhenInUseUsageDescription = "사용자의 위치 정보를 확인하기 위해 권한이 필요합니다.";
				INFOPLIST_KEY_NSNearbyInteractionUsageDescription = "근처 사용자의 위치를 확인하기 위해 권한이 필요합니다.";
				INFOPLIST_KEY_UIApplicationSceneManifest_Generation = YES;
				INFOPLIST_KEY_UIApplicationSupportsIndirectInputEvents = YES;
				INFOPLIST_KEY_UILaunchScreen_Generation = YES;
				INFOPLIST_KEY_UISupportedInterfaceOrientations = UIInterfaceOrientationPortrait;
				INFOPLIST_KEY_UISupportedInterfaceOrientations_iPad = "UIInterfaceOrientationLandscapeLeft UIInterfaceOrientationLandscapeRight UIInterfaceOrientationPortrait UIInterfaceOrientationPortraitUpsideDown";
				LD_RUNPATH_SEARCH_PATHS = (
					"$(inherited)",
					"@executable_path/Frameworks",
				);
				MARKETING_VERSION = 1.0;
				PRODUCT_BUNDLE_IDENTIFIER = com.myulaGilah.HitTheSpot;
				PRODUCT_NAME = "$(TARGET_NAME)";
				SWIFT_EMIT_LOC_STRINGS = YES;
				SWIFT_VERSION = 5.0;
				TARGETED_DEVICE_FAMILY = "1,2";
			};
			name = Debug;
		};
		4250FA872C1F220B006E83C0 /* Release */ = {
			isa = XCBuildConfiguration;
			buildSettings = {
				ASSETCATALOG_COMPILER_APPICON_NAME = AppIcon;
				ASSETCATALOG_COMPILER_GLOBAL_ACCENT_COLOR_NAME = AccentColor;
				CODE_SIGN_ENTITLEMENTS = HitTheSpot/Resources/HitTheSpot.entitlements;
				CODE_SIGN_STYLE = Automatic;
				CURRENT_PROJECT_VERSION = 1;
				DEVELOPMENT_ASSET_PATHS = "\"HitTheSpot/Preview Content\"";
				DEVELOPMENT_TEAM = Q6CK9777WL;
				ENABLE_PREVIEWS = YES;
				GENERATE_INFOPLIST_FILE = YES;
				INFOPLIST_FILE = HitTheSpot/Resources/Info.plist;
				INFOPLIST_KEY_CFBundleDisplayName = "Hit the Spot!";
				INFOPLIST_KEY_NSCameraUsageDescription = "카메라 사용을 위한 권한이 필요합니다.";
				INFOPLIST_KEY_NSLocalNetworkUsageDescription = "로컬 네트워크 사용을 위해 권한이 필요합니다.";
				INFOPLIST_KEY_NSLocationAlwaysAndWhenInUseUsageDescription = "사용자의 위치 정보를 확인하기 위해 권한이 필요합니다.";
				INFOPLIST_KEY_NSLocationAlwaysUsageDescription = "사용자의 위치 정보를 확인하기 위해 권한이 필요합니다.";
				INFOPLIST_KEY_NSLocationWhenInUseUsageDescription = "사용자의 위치 정보를 확인하기 위해 권한이 필요합니다.";
				INFOPLIST_KEY_NSNearbyInteractionUsageDescription = "근처 사용자의 위치를 확인하기 위해 권한이 필요합니다.";
				INFOPLIST_KEY_UIApplicationSceneManifest_Generation = YES;
				INFOPLIST_KEY_UIApplicationSupportsIndirectInputEvents = YES;
				INFOPLIST_KEY_UILaunchScreen_Generation = YES;
				INFOPLIST_KEY_UISupportedInterfaceOrientations = UIInterfaceOrientationPortrait;
				INFOPLIST_KEY_UISupportedInterfaceOrientations_iPad = "UIInterfaceOrientationLandscapeLeft UIInterfaceOrientationLandscapeRight UIInterfaceOrientationPortrait UIInterfaceOrientationPortraitUpsideDown";
				LD_RUNPATH_SEARCH_PATHS = (
					"$(inherited)",
					"@executable_path/Frameworks",
				);
				MARKETING_VERSION = 1.0;
				PRODUCT_BUNDLE_IDENTIFIER = com.myulaGilah.HitTheSpot;
				PRODUCT_NAME = "$(TARGET_NAME)";
				SWIFT_EMIT_LOC_STRINGS = YES;
				SWIFT_VERSION = 5.0;
				TARGETED_DEVICE_FAMILY = "1,2";
			};
			name = Release;
		};
/* End XCBuildConfiguration section */

/* Begin XCConfigurationList section */
		4250FA722C1F220A006E83C0 /* Build configuration list for PBXProject "HitTheSpot" */ = {
			isa = XCConfigurationList;
			buildConfigurations = (
				4250FA832C1F220B006E83C0 /* Debug */,
				4250FA842C1F220B006E83C0 /* Release */,
			);
			defaultConfigurationIsVisible = 0;
			defaultConfigurationName = Release;
		};
		4250FA852C1F220B006E83C0 /* Build configuration list for PBXNativeTarget "HitTheSpot" */ = {
			isa = XCConfigurationList;
			buildConfigurations = (
				4250FA862C1F220B006E83C0 /* Debug */,
				4250FA872C1F220B006E83C0 /* Release */,
			);
			defaultConfigurationIsVisible = 0;
			defaultConfigurationName = Release;
		};
/* End XCConfigurationList section */

/* Begin XCRemoteSwiftPackageReference section */
		428ED0472C34048600DDD4A8 /* XCRemoteSwiftPackageReference "lottie-ios" */ = {
			isa = XCRemoteSwiftPackageReference;
			repositoryURL = "https://github.com/airbnb/lottie-ios.git";
			requirement = {
				kind = upToNextMajorVersion;
				minimumVersion = 4.4.3;
			};
		};
/* End XCRemoteSwiftPackageReference section */

/* Begin XCSwiftPackageProductDependency section */
		428ED0482C34048600DDD4A8 /* Lottie */ = {
			isa = XCSwiftPackageProductDependency;
			package = 428ED0472C34048600DDD4A8 /* XCRemoteSwiftPackageReference "lottie-ios" */;
			productName = Lottie;
		};
/* End XCSwiftPackageProductDependency section */
	};
	rootObject = 4250FA6F2C1F220A006E83C0 /* Project object */;
}
